
Microsoft Visual Studio Solution File, Format Version 12.00
# Visual Studio Version 16
VisualStudioVersion = 16.0.31410.357
MinimumVisualStudioVersion = 10.0.40219.1
Project("{9A19103F-16F7-4668-BE54-9A1E7A4F7556}") = "WebApi", "WebApi.csproj", "{1ADFC02D-13B4-4A7F-A213-2980D1B9D01D}"
EndProject
Project("{FAE04EC0-301F-11D3-BF4B-00C04F79EFBC}") = "ConsumerApp", "..\ConsumerApp\ConsumerApp.csproj", "{C507A2F9-B52E-48B1-9B70-EEB375DDF632}"
EndProject
Global
	GlobalSection(SolutionConfigurationPlatforms) = preSolution
		Debug|Any CPU = Debug|Any CPU
		Release|Any CPU = Release|Any CPU
	EndGlobalSection
	GlobalSection(ProjectConfigurationPlatforms) = postSolution
		{1ADFC02D-13B4-4A7F-A213-2980D1B9D01D}.Debug|Any CPU.ActiveCfg = Debug|Any CPU
		{1ADFC02D-13B4-4A7F-A213-2980D1B9D01D}.Debug|Any CPU.Build.0 = Debug|Any CPU
		{1ADFC02D-13B4-4A7F-A213-2980D1B9D01D}.Release|Any CPU.ActiveCfg = Release|Any CPU
		{1ADFC02D-13B4-4A7F-A213-2980D1B9D01D}.Release|Any CPU.Build.0 = Release|Any CPU
		{C507A2F9-B52E-48B1-9B70-EEB375DDF632}.Debug|Any CPU.ActiveCfg = Debug|Any CPU
		{C507A2F9-B52E-48B1-9B70-EEB375DDF632}.Debug|Any CPU.Build.0 = Debug|Any CPU
		{C507A2F9-B52E-48B1-9B70-EEB375DDF632}.Release|Any CPU.ActiveCfg = Release|Any CPU
		{C507A2F9-B52E-48B1-9B70-EEB375DDF632}.Release|Any CPU.Build.0 = Release|Any CPU
	EndGlobalSection
	GlobalSection(SolutionProperties) = preSolution
		HideSolutionNode = FALSE
	EndGlobalSection
	GlobalSection(ExtensibilityGlobals) = postSolution
		SolutionGuid = {7D75D254-51D4-418A-BB18-BF8D17AA79B0}
	EndGlobalSection
EndGlobal
